
Microsoft Visual Studio Solution File, Format Version 12.00
# Visual Studio Version 17
VisualStudioVersion = 17.5.33414.496
MinimumVisualStudioVersion = 10.0.40219.1
Project("{9A19103F-16F7-4668-BE54-9A1E7A4F7556}") = "OrderService.Business", "OrderService.Business\OrderService.Business.csproj", "{A1CF0780-CE69-4C8B-AFF1-085B4195DAAD}"
EndProject
Project("{9A19103F-16F7-4668-BE54-9A1E7A4F7556}") = "OrderService.Data", "OrderService.Data\OrderService.Data.csproj", "{51854D91-714D-4330-8256-545D867F1816}"
EndProject
Project("{9A19103F-16F7-4668-BE54-9A1E7A4F7556}") = "OrderService.Utils", "OrderService.Utils\OrderService.Utils.csproj", "{942D29E7-DCFA-464B-A2BB-BA2D630B8E38}"
EndProject
Project("{9A19103F-16F7-4668-BE54-9A1E7A4F7556}") = "OrderService.Tests", "OrderService.Tests\OrderService.Tests.csproj", "{3D0ED686-4006-48D7-919F-9A348963AB7D}"
EndProject
Project("{2150E333-8FDC-42A3-9474-1A3956D46DE8}") = "CrossCutting", "CrossCutting", "{A520056B-5D37-45A6-B373-17D4A36C3CC5}"
EndProject
Project("{9A19103F-16F7-4668-BE54-9A1E7A4F7556}") = "Send", "Send\Send.csproj", "{57446F15-72B6-48EB-92AB-BF8C63A44DEE}"
EndProject
Project("{9A19103F-16F7-4668-BE54-9A1E7A4F7556}") = "Receive", "Receive\Receive.csproj", "{A22F404B-53E9-47F4-9135-B4C12BD8A6E9}"
EndProject
Project("{2150E333-8FDC-42A3-9474-1A3956D46DE8}") = "ConfigFiles", "ConfigFiles", "{9F8C73C3-21DA-4C8B-ADBA-16D64EECE5DF}"
	ProjectSection(SolutionItems) = preProject
		..\..\..\DatabaseBackup.sql = ..\..\..\DatabaseBackup.sql
		Dockerfile = Dockerfile
	EndProjectSection
EndProject
Global
	GlobalSection(SolutionConfigurationPlatforms) = preSolution
		Debug|Any CPU = Debug|Any CPU
		Release|Any CPU = Release|Any CPU
	EndGlobalSection
	GlobalSection(ProjectConfigurationPlatforms) = postSolution
		{A1CF0780-CE69-4C8B-AFF1-085B4195DAAD}.Debug|Any CPU.ActiveCfg = Debug|Any CPU
		{A1CF0780-CE69-4C8B-AFF1-085B4195DAAD}.Debug|Any CPU.Build.0 = Debug|Any CPU
		{A1CF0780-CE69-4C8B-AFF1-085B4195DAAD}.Release|Any CPU.ActiveCfg = Release|Any CPU
		{A1CF0780-CE69-4C8B-AFF1-085B4195DAAD}.Release|Any CPU.Build.0 = Release|Any CPU
		{51854D91-714D-4330-8256-545D867F1816}.Debug|Any CPU.ActiveCfg = Debug|Any CPU
		{51854D91-714D-4330-8256-545D867F1816}.Debug|Any CPU.Build.0 = Debug|Any CPU
		{51854D91-714D-4330-8256-545D867F1816}.Release|Any CPU.ActiveCfg = Release|Any CPU
		{51854D91-714D-4330-8256-545D867F1816}.Release|Any CPU.Build.0 = Release|Any CPU
		{942D29E7-DCFA-464B-A2BB-BA2D630B8E38}.Debug|Any CPU.ActiveCfg = Debug|Any CPU
		{942D29E7-DCFA-464B-A2BB-BA2D630B8E38}.Debug|Any CPU.Build.0 = Debug|Any CPU
		{942D29E7-DCFA-464B-A2BB-BA2D630B8E38}.Release|Any CPU.ActiveCfg = Release|Any CPU
		{942D29E7-DCFA-464B-A2BB-BA2D630B8E38}.Release|Any CPU.Build.0 = Release|Any CPU
		{3D0ED686-4006-48D7-919F-9A348963AB7D}.Debug|Any CPU.ActiveCfg = Debug|Any CPU
		{3D0ED686-4006-48D7-919F-9A348963AB7D}.Debug|Any CPU.Build.0 = Debug|Any CPU
		{3D0ED686-4006-48D7-919F-9A348963AB7D}.Release|Any CPU.ActiveCfg = Release|Any CPU
		{3D0ED686-4006-48D7-919F-9A348963AB7D}.Release|Any CPU.Build.0 = Release|Any CPU
		{57446F15-72B6-48EB-92AB-BF8C63A44DEE}.Debug|Any CPU.ActiveCfg = Debug|Any CPU
		{57446F15-72B6-48EB-92AB-BF8C63A44DEE}.Debug|Any CPU.Build.0 = Debug|Any CPU
		{57446F15-72B6-48EB-92AB-BF8C63A44DEE}.Release|Any CPU.ActiveCfg = Release|Any CPU
		{57446F15-72B6-48EB-92AB-BF8C63A44DEE}.Release|Any CPU.Build.0 = Release|Any CPU
		{A22F404B-53E9-47F4-9135-B4C12BD8A6E9}.Debug|Any CPU.ActiveCfg = Debug|Any CPU
		{A22F404B-53E9-47F4-9135-B4C12BD8A6E9}.Debug|Any CPU.Build.0 = Debug|Any CPU
		{A22F404B-53E9-47F4-9135-B4C12BD8A6E9}.Release|Any CPU.ActiveCfg = Release|Any CPU
		{A22F404B-53E9-47F4-9135-B4C12BD8A6E9}.Release|Any CPU.Build.0 = Release|Any CPU
	EndGlobalSection
	GlobalSection(SolutionProperties) = preSolution
		HideSolutionNode = FALSE
	EndGlobalSection
	GlobalSection(NestedProjects) = preSolution
		{57446F15-72B6-48EB-92AB-BF8C63A44DEE} = {A520056B-5D37-45A6-B373-17D4A36C3CC5}
		{A22F404B-53E9-47F4-9135-B4C12BD8A6E9} = {A520056B-5D37-45A6-B373-17D4A36C3CC5}
	EndGlobalSection
	GlobalSection(ExtensibilityGlobals) = postSolution
		SolutionGuid = {90F4A085-31AF-4929-9CED-75EC135710BF}
	EndGlobalSection
EndGlobal
